DEPENDENCIES
  spooky
    path: .
    metadata: true

GRAPH
  apt (6.1.4)
  ark (3.1.0)
    build-essential (>= 0.0.0)
    seven_zip (>= 0.0.0)
    windows (>= 0.0.0)
  build-essential (8.1.1)
    mingw (>= 1.1)
    seven_zip (>= 0.0.0)
  mingw (2.0.2)
    seven_zip (>= 0.0.0)
  nodejs (5.0.0)
    ark (>= 2.0.2)
    build-essential (>= 0.0.0)
  ruby-ng (0.3.0)
    apt (>= 0.0.0)
    build-essential (>= 0.0.0)
  seven_zip (2.0.2)
    windows (>= 1.2.2)
  spooky (1.0.0)
    nodejs (>= 0.0.0)
    ruby-ng (>= 0.0.0)
  windows (4.0.1)
